
Microsoft Visual Studio Solution File, Format Version 12.00
# Visual Studio Version 17
VisualStudioVersion = 17.5.002.0
MinimumVisualStudioVersion = 10.0.40219.1
Project("{2150E333-8FDC-42A3-9474-1A3956D46DE8}") = "Labs C#", "Labs C#", "{C15829E1-0F33-43EA-8C32-2AC980E0740F}"
EndProject
Project("{9A19103F-16F7-4668-BE54-9A1E7A4F7556}") = "HelloWorld", "Labs C#\HelloWorld\HelloWorld.csproj", "{C7975D3B-E67B-46AD-A16E-E54D50FC3E3F}"
EndProject
Global
	GlobalSection(SolutionConfigurationPlatforms) = preSolution
		Debug|Any CPU = Debug|Any CPU
		Release|Any CPU = Release|Any CPU
	EndGlobalSection
	GlobalSection(ProjectConfigurationPlatforms) = postSolution
		{C7975D3B-E67B-46AD-A16E-E54D50FC3E3F}.Debug|Any CPU.ActiveCfg = Debug|Any CPU
		{C7975D3B-E67B-46AD-A16E-E54D50FC3E3F}.Debug|Any CPU.Build.0 = Debug|Any CPU
		{C7975D3B-E67B-46AD-A16E-E54D50FC3E3F}.Release|Any CPU.ActiveCfg = Release|Any CPU
		{C7975D3B-E67B-46AD-A16E-E54D50FC3E3F}.Release|Any CPU.Build.0 = Release|Any CPU
	EndGlobalSection
	GlobalSection(SolutionProperties) = preSolution
		HideSolutionNode = FALSE
	EndGlobalSection
	GlobalSection(NestedProjects) = preSolution
		{C7975D3B-E67B-46AD-A16E-E54D50FC3E3F} = {C15829E1-0F33-43EA-8C32-2AC980E0740F}
	EndGlobalSection
	GlobalSection(ExtensibilityGlobals) = postSolution
		SolutionGuid = {ADF38B76-3C95-4D39-9C38-87B52CBDF855}
	EndGlobalSection
EndGlobal
